{
  "nodes": {
    "nixpkgs": {
      "locked": {
        "lastModified": 1721519172,
        "narHash": "sha256-LG5yGjlE4fZOnbrEslmWuKSzSdSWqtwDt4UxsGEqVow=",
        "owner": "nixos",
        "repo": "nixpkgs",
        "rev": "a0442abd68d4254773fb8749e7f77da8e2ac93c9",
        "type": "github"
      },
      "original": {
        "owner": "nixos",
        "ref": "master",
        "repo": "nixpkgs",
        "type": "github"
      }
    },
    "root": {
      "inputs": {
        "nixpkgs": "nixpkgs"
      }
    }
  },
  "root": "root",
  "version": 7
}
